
Microsoft Visual Studio Solution File, Format Version 12.00
# Visual Studio Version 16
VisualStudioVersion = 16.0.30114.105
MinimumVisualStudioVersion = 10.0.40219.1
Project("{FAE04EC0-301F-11D3-BF4B-00C04F79EFBC}") = "DemoMvcProject", "DemoMvcProject\DemoMvcProject.csproj", "{F85B22EE-477E-469C-A144-A146FBF0B332}"
EndProject
Project("{FAE04EC0-301F-11D3-BF4B-00C04F79EFBC}") = "EmailService", "EmailService\EmailService.csproj", "{D3359B07-47FE-41D0-99D0-9728AC5C2FDA}"
EndProject
Global
	GlobalSection(SolutionConfigurationPlatforms) = preSolution
		Debug|Any CPU = Debug|Any CPU
		Debug|x64 = Debug|x64
		Debug|x86 = Debug|x86
		Release|Any CPU = Release|Any CPU
		Release|x64 = Release|x64
		Release|x86 = Release|x86
	EndGlobalSection
	GlobalSection(SolutionProperties) = preSolution
		HideSolutionNode = FALSE
	EndGlobalSection
	GlobalSection(ProjectConfigurationPlatforms) = postSolution
		{F85B22EE-477E-469C-A144-A146FBF0B332}.Debug|Any CPU.ActiveCfg = Debug|Any CPU
		{F85B22EE-477E-469C-A144-A146FBF0B332}.Debug|Any CPU.Build.0 = Debug|Any CPU
		{F85B22EE-477E-469C-A144-A146FBF0B332}.Debug|x64.ActiveCfg = Debug|Any CPU
		{F85B22EE-477E-469C-A144-A146FBF0B332}.Debug|x64.Build.0 = Debug|Any CPU
		{F85B22EE-477E-469C-A144-A146FBF0B332}.Debug|x86.ActiveCfg = Debug|Any CPU
		{F85B22EE-477E-469C-A144-A146FBF0B332}.Debug|x86.Build.0 = Debug|Any CPU
		{F85B22EE-477E-469C-A144-A146FBF0B332}.Release|Any CPU.ActiveCfg = Release|Any CPU
		{F85B22EE-477E-469C-A144-A146FBF0B332}.Release|Any CPU.Build.0 = Release|Any CPU
		{F85B22EE-477E-469C-A144-A146FBF0B332}.Release|x64.ActiveCfg = Release|Any CPU
		{F85B22EE-477E-469C-A144-A146FBF0B332}.Release|x64.Build.0 = Release|Any CPU
		{F85B22EE-477E-469C-A144-A146FBF0B332}.Release|x86.ActiveCfg = Release|Any CPU
		{F85B22EE-477E-469C-A144-A146FBF0B332}.Release|x86.Build.0 = Release|Any CPU
		{D3359B07-47FE-41D0-99D0-9728AC5C2FDA}.Debug|Any CPU.ActiveCfg = Debug|Any CPU
		{D3359B07-47FE-41D0-99D0-9728AC5C2FDA}.Debug|Any CPU.Build.0 = Debug|Any CPU
		{D3359B07-47FE-41D0-99D0-9728AC5C2FDA}.Debug|x64.ActiveCfg = Debug|Any CPU
		{D3359B07-47FE-41D0-99D0-9728AC5C2FDA}.Debug|x64.Build.0 = Debug|Any CPU
		{D3359B07-47FE-41D0-99D0-9728AC5C2FDA}.Debug|x86.ActiveCfg = Debug|Any CPU
		{D3359B07-47FE-41D0-99D0-9728AC5C2FDA}.Debug|x86.Build.0 = Debug|Any CPU
		{D3359B07-47FE-41D0-99D0-9728AC5C2FDA}.Release|Any CPU.ActiveCfg = Release|Any CPU
		{D3359B07-47FE-41D0-99D0-9728AC5C2FDA}.Release|Any CPU.Build.0 = Release|Any CPU
		{D3359B07-47FE-41D0-99D0-9728AC5C2FDA}.Release|x64.ActiveCfg = Release|Any CPU
		{D3359B07-47FE-41D0-99D0-9728AC5C2FDA}.Release|x64.Build.0 = Release|Any CPU
		{D3359B07-47FE-41D0-99D0-9728AC5C2FDA}.Release|x86.ActiveCfg = Release|Any CPU
		{D3359B07-47FE-41D0-99D0-9728AC5C2FDA}.Release|x86.Build.0 = Release|Any CPU
	EndGlobalSection
EndGlobal
